
Microsoft Visual Studio Solution File, Format Version 12.00
# Visual Studio Version 17
VisualStudioVersion = 17.0.31903.59
MinimumVisualStudioVersion = 10.0.40219.1
Project("{2150E333-8FDC-42A3-9474-1A3956D46DE8}") = "src", "src", "{33A5FC31-0139-4FBA-81B5-292A9DE55238}"
EndProject
Project("{FAE04EC0-301F-11D3-BF4B-00C04F79EFBC}") = "Domain", "src\Domain\Domain.csproj", "{D0FFD9A4-93D3-4632-B7F8-8A068B6F0EDE}"
EndProject
Project("{FAE04EC0-301F-11D3-BF4B-00C04F79EFBC}") = "Application", "src\Application\Application.csproj", "{E58F55BC-B3BE-4FBB-B1D5-0394628C5831}"
EndProject
Project("{FAE04EC0-301F-11D3-BF4B-00C04F79EFBC}") = "Infrastructure", "src\Infrastructure\Infrastructure.csproj", "{924B3C33-A4B0-4368-A346-5E733AF8BDAF}"
EndProject
Project("{2150E333-8FDC-42A3-9474-1A3956D46DE8}") = "tests", "tests", "{D9D90D57-6F0A-47A0-A6FD-C5D2F93D27E0}"
EndProject
Project("{FAE04EC0-301F-11D3-BF4B-00C04F79EFBC}") = "Domain.Tests", "tests\Domain.Tests\Domain.Tests.csproj", "{7661A28B-4E7B-4DEC-B165-E748AEA525E5}"
EndProject
Project("{FAE04EC0-301F-11D3-BF4B-00C04F79EFBC}") = "Application.Tests", "tests\Application.Tests\Application.Tests.csproj", "{B7C89212-C802-409B-95BE-48F1206295A6}"
EndProject
Project("{FAE04EC0-301F-11D3-BF4B-00C04F79EFBC}") = "Infrastructure.Tests", "tests\Infrastructure.Tests\Infrastructure.Tests.csproj", "{0A83EE3F-FF9E-468C-9B9B-4A4B3B5B6937}"
EndProject
Project("{2150E333-8FDC-42A3-9474-1A3956D46DE8}") = "Presentation", "Presentation", "{0F858DFD-6379-41DC-94E7-0763EF4F36F8}"
EndProject
Project("{FAE04EC0-301F-11D3-BF4B-00C04F79EFBC}") = "TD_Project.Contracts", "src\Presentation\TD_Project.Contracts\TD_Project.Contracts.csproj", "{981DDFD6-FC2B-4CB7-8A8E-3252959FBC73}"
EndProject
Project("{2150E333-8FDC-42A3-9474-1A3956D46DE8}") = "Presentation.Tests", "Presentation.Tests", "{B39C1627-F1F7-45CF-ACA9-BC2F748CB854}"
EndProject
Project("{FAE04EC0-301F-11D3-BF4B-00C04F79EFBC}") = "TD_Project.Contracts.Tests", "tests\Presentation.Tests\TD_Project.Contracts.Tests\TD_Project.Contracts.Tests.csproj", "{4302BDF2-B94D-4348-AFD4-64D02C25F77A}"
EndProject
Project("{FAE04EC0-301F-11D3-BF4B-00C04F79EFBC}") = "TD_Project.Api", "src\Presentation\TD_Project.Api\TD_Project.Api.csproj", "{6B59E586-F33B-429B-A83E-1BF6B3E3BE66}"
EndProject
Project("{FAE04EC0-301F-11D3-BF4B-00C04F79EFBC}") = "TD_Project.Api.Tests", "tests\Presentation.Tests\TD_Project.Api.Tests\TD_Project.Api.Tests.csproj", "{E40B10D6-3899-4E1A-8295-45BCAF5AE5BC}"
EndProject
Global
	GlobalSection(SolutionConfigurationPlatforms) = preSolution
		Debug|Any CPU = Debug|Any CPU
		Release|Any CPU = Release|Any CPU
	EndGlobalSection
	GlobalSection(SolutionProperties) = preSolution
		HideSolutionNode = FALSE
	EndGlobalSection
	GlobalSection(ProjectConfigurationPlatforms) = postSolution
		{D0FFD9A4-93D3-4632-B7F8-8A068B6F0EDE}.Debug|Any CPU.ActiveCfg = Debug|Any CPU
		{D0FFD9A4-93D3-4632-B7F8-8A068B6F0EDE}.Debug|Any CPU.Build.0 = Debug|Any CPU
		{D0FFD9A4-93D3-4632-B7F8-8A068B6F0EDE}.Release|Any CPU.ActiveCfg = Release|Any CPU
		{D0FFD9A4-93D3-4632-B7F8-8A068B6F0EDE}.Release|Any CPU.Build.0 = Release|Any CPU
		{E58F55BC-B3BE-4FBB-B1D5-0394628C5831}.Debug|Any CPU.ActiveCfg = Debug|Any CPU
		{E58F55BC-B3BE-4FBB-B1D5-0394628C5831}.Debug|Any CPU.Build.0 = Debug|Any CPU
		{E58F55BC-B3BE-4FBB-B1D5-0394628C5831}.Release|Any CPU.ActiveCfg = Release|Any CPU
		{E58F55BC-B3BE-4FBB-B1D5-0394628C5831}.Release|Any CPU.Build.0 = Release|Any CPU
		{924B3C33-A4B0-4368-A346-5E733AF8BDAF}.Debug|Any CPU.ActiveCfg = Debug|Any CPU
		{924B3C33-A4B0-4368-A346-5E733AF8BDAF}.Debug|Any CPU.Build.0 = Debug|Any CPU
		{924B3C33-A4B0-4368-A346-5E733AF8BDAF}.Release|Any CPU.ActiveCfg = Release|Any CPU
		{924B3C33-A4B0-4368-A346-5E733AF8BDAF}.Release|Any CPU.Build.0 = Release|Any CPU
		{7661A28B-4E7B-4DEC-B165-E748AEA525E5}.Debug|Any CPU.ActiveCfg = Debug|Any CPU
		{7661A28B-4E7B-4DEC-B165-E748AEA525E5}.Debug|Any CPU.Build.0 = Debug|Any CPU
		{7661A28B-4E7B-4DEC-B165-E748AEA525E5}.Release|Any CPU.ActiveCfg = Release|Any CPU
		{7661A28B-4E7B-4DEC-B165-E748AEA525E5}.Release|Any CPU.Build.0 = Release|Any CPU
		{B7C89212-C802-409B-95BE-48F1206295A6}.Debug|Any CPU.ActiveCfg = Debug|Any CPU
		{B7C89212-C802-409B-95BE-48F1206295A6}.Debug|Any CPU.Build.0 = Debug|Any CPU
		{B7C89212-C802-409B-95BE-48F1206295A6}.Release|Any CPU.ActiveCfg = Release|Any CPU
		{B7C89212-C802-409B-95BE-48F1206295A6}.Release|Any CPU.Build.0 = Release|Any CPU
		{0A83EE3F-FF9E-468C-9B9B-4A4B3B5B6937}.Debug|Any CPU.ActiveCfg = Debug|Any CPU
		{0A83EE3F-FF9E-468C-9B9B-4A4B3B5B6937}.Debug|Any CPU.Build.0 = Debug|Any CPU
		{0A83EE3F-FF9E-468C-9B9B-4A4B3B5B6937}.Release|Any CPU.ActiveCfg = Release|Any CPU
		{0A83EE3F-FF9E-468C-9B9B-4A4B3B5B6937}.Release|Any CPU.Build.0 = Release|Any CPU
		{981DDFD6-FC2B-4CB7-8A8E-3252959FBC73}.Debug|Any CPU.ActiveCfg = Debug|Any CPU
		{981DDFD6-FC2B-4CB7-8A8E-3252959FBC73}.Debug|Any CPU.Build.0 = Debug|Any CPU
		{981DDFD6-FC2B-4CB7-8A8E-3252959FBC73}.Release|Any CPU.ActiveCfg = Release|Any CPU
		{981DDFD6-FC2B-4CB7-8A8E-3252959FBC73}.Release|Any CPU.Build.0 = Release|Any CPU
		{4302BDF2-B94D-4348-AFD4-64D02C25F77A}.Debug|Any CPU.ActiveCfg = Debug|Any CPU
		{4302BDF2-B94D-4348-AFD4-64D02C25F77A}.Debug|Any CPU.Build.0 = Debug|Any CPU
		{4302BDF2-B94D-4348-AFD4-64D02C25F77A}.Release|Any CPU.ActiveCfg = Release|Any CPU
		{4302BDF2-B94D-4348-AFD4-64D02C25F77A}.Release|Any CPU.Build.0 = Release|Any CPU
		{6B59E586-F33B-429B-A83E-1BF6B3E3BE66}.Debug|Any CPU.ActiveCfg = Debug|Any CPU
		{6B59E586-F33B-429B-A83E-1BF6B3E3BE66}.Debug|Any CPU.Build.0 = Debug|Any CPU
		{6B59E586-F33B-429B-A83E-1BF6B3E3BE66}.Release|Any CPU.ActiveCfg = Release|Any CPU
		{6B59E586-F33B-429B-A83E-1BF6B3E3BE66}.Release|Any CPU.Build.0 = Release|Any CPU
		{E40B10D6-3899-4E1A-8295-45BCAF5AE5BC}.Debug|Any CPU.ActiveCfg = Debug|Any CPU
		{E40B10D6-3899-4E1A-8295-45BCAF5AE5BC}.Debug|Any CPU.Build.0 = Debug|Any CPU
		{E40B10D6-3899-4E1A-8295-45BCAF5AE5BC}.Release|Any CPU.ActiveCfg = Release|Any CPU
		{E40B10D6-3899-4E1A-8295-45BCAF5AE5BC}.Release|Any CPU.Build.0 = Release|Any CPU
	EndGlobalSection
	GlobalSection(NestedProjects) = preSolution
		{D0FFD9A4-93D3-4632-B7F8-8A068B6F0EDE} = {33A5FC31-0139-4FBA-81B5-292A9DE55238}
		{E58F55BC-B3BE-4FBB-B1D5-0394628C5831} = {33A5FC31-0139-4FBA-81B5-292A9DE55238}
		{924B3C33-A4B0-4368-A346-5E733AF8BDAF} = {33A5FC31-0139-4FBA-81B5-292A9DE55238}
		{7661A28B-4E7B-4DEC-B165-E748AEA525E5} = {D9D90D57-6F0A-47A0-A6FD-C5D2F93D27E0}
		{B7C89212-C802-409B-95BE-48F1206295A6} = {D9D90D57-6F0A-47A0-A6FD-C5D2F93D27E0}
		{0A83EE3F-FF9E-468C-9B9B-4A4B3B5B6937} = {D9D90D57-6F0A-47A0-A6FD-C5D2F93D27E0}
		{0F858DFD-6379-41DC-94E7-0763EF4F36F8} = {33A5FC31-0139-4FBA-81B5-292A9DE55238}
		{981DDFD6-FC2B-4CB7-8A8E-3252959FBC73} = {0F858DFD-6379-41DC-94E7-0763EF4F36F8}
		{B39C1627-F1F7-45CF-ACA9-BC2F748CB854} = {D9D90D57-6F0A-47A0-A6FD-C5D2F93D27E0}
		{4302BDF2-B94D-4348-AFD4-64D02C25F77A} = {B39C1627-F1F7-45CF-ACA9-BC2F748CB854}
		{6B59E586-F33B-429B-A83E-1BF6B3E3BE66} = {0F858DFD-6379-41DC-94E7-0763EF4F36F8}
		{E40B10D6-3899-4E1A-8295-45BCAF5AE5BC} = {B39C1627-F1F7-45CF-ACA9-BC2F748CB854}
	EndGlobalSection
EndGlobal
